
Microsoft Visual Studio Solution File, Format Version 12.00
# Visual Studio Version 16
VisualStudioVersion = 16.0.29709.97
MinimumVisualStudioVersion = 10.0.40219.1
Project("{FAE04EC0-301F-11D3-BF4B-00C04F79EFBC}") = "Modas", "Modas.csproj", "{EF31BFFC-FDBC-4EFD-BF45-76693C8B1138}"
EndProject
Global
	GlobalSection(SolutionConfigurationPlatforms) = preSolution
		Debug|Any CPU = Debug|Any CPU
		Release|Any CPU = Release|Any CPU
	EndGlobalSection
	GlobalSection(ProjectConfigurationPlatforms) = postSolution
		{EF31BFFC-FDBC-4EFD-BF45-76693C8B1138}.Debug|Any CPU.ActiveCfg = Debug|Any CPU
		{EF31BFFC-FDBC-4EFD-BF45-76693C8B1138}.Debug|Any CPU.Build.0 = Debug|Any CPU
		{EF31BFFC-FDBC-4EFD-BF45-76693C8B1138}.Release|Any CPU.ActiveCfg = Release|Any CPU
		{EF31BFFC-FDBC-4EFD-BF45-76693C8B1138}.Release|Any CPU.Build.0 = Release|Any CPU
	EndGlobalSection
	GlobalSection(SolutionProperties) = preSolution
		HideSolutionNode = FALSE
	EndGlobalSection
	GlobalSection(ExtensibilityGlobals) = postSolution
		SolutionGuid = {C4CF1797-5E95-4802-80C7-A4ECFA3EF3EC}
	EndGlobalSection
EndGlobal
